// !$*UTF8*$!
{
	archiveVersion = 1;
	classes = {
	};
	objectVersion = 46;
	objects = {

/* Begin PBXBuildFile section */
		A423153B1B7D82DD0035AD9B /* AppDelegate.swift in Sources */ = {isa = PBXBuildFile; fileRef = A423153A1B7D82DD0035AD9B /* AppDelegate.swift */; };
		A423153D1B7D82DD0035AD9B /* ViewController.swift in Sources */ = {isa = PBXBuildFile; fileRef = A423153C1B7D82DD0035AD9B /* ViewController.swift */; };
		A42315401B7D82DD0035AD9B /* Main.storyboard in Resources */ = {isa = PBXBuildFile; fileRef = A423153E1B7D82DD0035AD9B /* Main.storyboard */; };
		A42315421B7D82DD0035AD9B /* Images.xcassets in Resources */ = {isa = PBXBuildFile; fileRef = A42315411B7D82DD0035AD9B /* Images.xcassets */; };
		A42315451B7D82DD0035AD9B /* LaunchScreen.xib in Resources */ = {isa = PBXBuildFile; fileRef = A42315431B7D82DD0035AD9B /* LaunchScreen.xib */; };
		A42315511B7D82DD0035AD9B /* ConfigRefreshTests.swift in Sources */ = {isa = PBXBuildFile; fileRef = A42315501B7D82DD0035AD9B /* ConfigRefreshTests.swift */; };
		A48FE85C1B7D8728008F5FED /* UIScrollView_extension.swift in Sources */ = {isa = PBXBuildFile; fileRef = A48FE85B1B7D8728008F5FED /* UIScrollView_extension.swift */; };
		E3AA7C4DB4131E85D5D8FE13 /* libPods.a in Frameworks */ = {isa = PBXBuildFile; fileRef = CF04A0782A2976EA9A1F007E /* libPods.a */; };
/* End PBXBuildFile section */

/* Begin PBXContainerItemProxy section */
		A423154B1B7D82DD0035AD9B /* PBXContainerItemProxy */ = {
			isa = PBXContainerItemProxy;
			containerPortal = A423152D1B7D82DD0035AD9B /* Project object */;
			proxyType = 1;
			remoteGlobalIDString = A42315341B7D82DD0035AD9B;
			remoteInfo = ConfigRefresh;
		};
/* End PBXContainerItemProxy section */

/* Begin PBXFileReference section */
		A42315351B7D82DD0035AD9B /* ConfigRefresh.app */ = {isa = PBXFileReference; explicitFileType = wrapper.application; includeInIndex = 0; path = ConfigRefresh.app; sourceTree = BUILT_PRODUCTS_DIR; };
		A42315391B7D82DD0035AD9B /* Info.plist */ = {isa = PBXFileReference; lastKnownFileType = text.plist.xml; path = Info.plist; sourceTree = "<group>"; };
		A423153A1B7D82DD0035AD9B /* AppDelegate.swift */ = {isa = PBXFileReference; lastKnownFileType = sourcecode.swift; path = AppDelegate.swift; sourceTree = "<group>"; };
		A423153C1B7D82DD0035AD9B /* ViewController.swift */ = {isa = PBXFileReference; lastKnownFileType = sourcecode.swift; path = ViewController.swift; sourceTree = "<group>"; };
		A423153F1B7D82DD0035AD9B /* Base */ = {isa = PBXFileReference; lastKnownFileType = file.storyboard; name = Base; path = Base.lproj/Main.storyboard; sourceTree = "<group>"; };
		A42315411B7D82DD0035AD9B /* Images.xcassets */ = {isa = PBXFileReference; lastKnownFileType = folder.assetcatalog; path = Images.xcassets; sourceTree = "<group>"; };
		A42315441B7D82DD0035AD9B /* Base */ = {isa = PBXFileReference; lastKnownFileType = file.xib; name = Base; path = Base.lproj/LaunchScreen.xib; sourceTree = "<group>"; };
		A423154A1B7D82DD0035AD9B /* ConfigRefreshTests.xctest */ = {isa = PBXFileReference; explicitFileType = wrapper.cfbundle; includeInIndex = 0; path = ConfigRefreshTests.xctest; sourceTree = BUILT_PRODUCTS_DIR; };
		A423154F1B7D82DD0035AD9B /* Info.plist */ = {isa = PBXFileReference; lastKnownFileType = text.plist.xml; path = Info.plist; sourceTree = "<group>"; };
		A42315501B7D82DD0035AD9B /* ConfigRefreshTests.swift */ = {isa = PBXFileReference; lastKnownFileType = sourcecode.swift; path = ConfigRefreshTests.swift; sourceTree = "<group>"; };
		A48FE85B1B7D8728008F5FED /* UIScrollView_extension.swift */ = {isa = PBXFileReference; fileEncoding = 4; lastKnownFileType = sourcecode.swift; path = UIScrollView_extension.swift; sourceTree = "<group>"; };
		A48FE85E1B7D8921008F5FED /* ConfigRefresh-Bridging-Header.h */ = {isa = PBXFileReference; fileEncoding = 4; lastKnownFileType = sourcecode.c.h; path = "ConfigRefresh-Bridging-Header.h"; sourceTree = "<group>"; };
		AF7030EDB4110D13A768012B /* Pods.debug.xcconfig */ = {isa = PBXFileReference; includeInIndex = 1; lastKnownFileType = text.xcconfig; name = Pods.debug.xcconfig; path = "Pods/Target Support Files/Pods/Pods.debug.xcconfig"; sourceTree = "<group>"; };
		CF04A0782A2976EA9A1F007E /* libPods.a */ = {isa = PBXFileReference; explicitFileType = archive.ar; includeInIndex = 0; path = libPods.a; sourceTree = BUILT_PRODUCTS_DIR; };
		FF2EF12CE687D73726BBC517 /* Pods.release.xcconfig */ = {isa = PBXFileReference; includeInIndex = 1; lastKnownFileType = text.xcconfig; name = Pods.release.xcconfig; path = "Pods/Target Support Files/Pods/Pods.release.xcconfig"; sourceTree = "<group>"; };
/* End PBXFileReference section */

/* Begin PBXFrameworksBuildPhase section */
		A42315321B7D82DD0035AD9B /* Frameworks */ = {
			isa = PBXFrameworksBuildPhase;
			buildActionMask = 2147483647;
			files = (
				E3AA7C4DB4131E85D5D8FE13 /* libPods.a in Frameworks */,
			);
			runOnlyForDeploymentPostprocessing = 0;
		};
		A42315471B7D82DD0035AD9B /* Frameworks */ = {
			isa = PBXFrameworksBuildPhase;
			buildActionMask = 2147483647;
			files = (
			);
			runOnlyForDeploymentPostprocessing = 0;
		};
/* End PBXFrameworksBuildPhase section */

/* Begin PBXGroup section */
		9F727143237190B534D7BF9E /* Pods */ = {
			isa = PBXGroup;
			children = (
				AF7030EDB4110D13A768012B /* Pods.debug.xcconfig */,
				FF2EF12CE687D73726BBC517 /* Pods.release.xcconfig */,
			);
			name = Pods;
			sourceTree = "<group>";
		};
		A0FF1399092E10316CACFC91 /* Frameworks */ = {
			isa = PBXGroup;
			children = (
				CF04A0782A2976EA9A1F007E /* libPods.a */,
			);
			name = Frameworks;
			sourceTree = "<group>";
		};
		A423152C1B7D82DD0035AD9B = {
			isa = PBXGroup;
			children = (
				A42315371B7D82DD0035AD9B /* ConfigRefresh */,
				A423154D1B7D82DD0035AD9B /* ConfigRefreshTests */,
				A42315361B7D82DD0035AD9B /* Products */,
				9F727143237190B534D7BF9E /* Pods */,
				A0FF1399092E10316CACFC91 /* Frameworks */,
			);
			sourceTree = "<group>";
		};
		A42315361B7D82DD0035AD9B /* Products */ = {
			isa = PBXGroup;
			children = (
				A42315351B7D82DD0035AD9B /* ConfigRefresh.app */,
				A423154A1B7D82DD0035AD9B /* ConfigRefreshTests.xctest */,
			);
			name = Products;
			sourceTree = "<group>";
		};
		A42315371B7D82DD0035AD9B /* ConfigRefresh */ = {
			isa = PBXGroup;
			children = (
				A423153A1B7D82DD0035AD9B /* AppDelegate.swift */,
				A423153C1B7D82DD0035AD9B /* ViewController.swift */,
				A48FE85B1B7D8728008F5FED /* UIScrollView_extension.swift */,
				A423153E1B7D82DD0035AD9B /* Main.storyboard */,
				A42315411B7D82DD0035AD9B /* Images.xcassets */,
				A42315431B7D82DD0035AD9B /* LaunchScreen.xib */,
				A42315381B7D82DD0035AD9B /* Supporting Files */,
			);
			path = ConfigRefresh;
			sourceTree = "<group>";
		};
		A42315381B7D82DD0035AD9B /* Supporting Files */ = {
			isa = PBXGroup;
			children = (
				A48FE85E1B7D8921008F5FED /* ConfigRefresh-Bridging-Header.h */,
				A42315391B7D82DD0035AD9B /* Info.plist */,
			);
			name = "Supporting Files";
			sourceTree = "<group>";
		};
		A423154D1B7D82DD0035AD9B /* ConfigRefreshTests */ = {
			isa = PBXGroup;
			children = (
				A42315501B7D82DD0035AD9B /* ConfigRefreshTests.swift */,
				A423154E1B7D82DD0035AD9B /* Supporting Files */,
			);
			path = ConfigRefreshTests;
			sourceTree = "<group>";
		};
		A423154E1B7D82DD0035AD9B /* Supporting Files */ = {
			isa = PBXGroup;
			children = (
				A423154F1B7D82DD0035AD9B /* Info.plist */,
			);
			name = "Supporting Files";
			sourceTree = "<group>";
		};
/* End PBXGroup section */

/* Begin PBXNativeTarget section */
		A42315341B7D82DD0035AD9B /* ConfigRefresh */ = {
			isa = PBXNativeTarget;
			buildConfigurationList = A42315541B7D82DD0035AD9B /* Build configuration list for PBXNativeTarget "ConfigRefresh" */;
			buildPhases = (
				E528FF9AEECE10EA01D80392 /* Check Pods Manifest.lock */,
				A42315311B7D82DD0035AD9B /* Sources */,
				A42315321B7D82DD0035AD9B /* Frameworks */,
				A42315331B7D82DD0035AD9B /* Resources */,
				16D0AA36ACBC17B7153967BD /* Copy Pods Resources */,
			);
			buildRules = (
			);
			dependencies = (
			);
			name = ConfigRefresh;
			productName = ConfigRefresh;
			productReference = A42315351B7D82DD0035AD9B /* ConfigRefresh.app */;
			productType = "com.apple.product-type.application";
		};
		A42315491B7D82DD0035AD9B /* ConfigRefreshTests */ = {
			isa = PBXNativeTarget;
			buildConfigurationList = A42315571B7D82DD0035AD9B /* Build configuration list for PBXNativeTarget "ConfigRefreshTests" */;
			buildPhases = (
				A42315461B7D82DD0035AD9B /* Sources */,
				A42315471B7D82DD0035AD9B /* Frameworks */,
				A42315481B7D82DD0035AD9B /* Resources */,
			);
			buildRules = (
			);
			dependencies = (
				A423154C1B7D82DD0035AD9B /* PBXTargetDependency */,
			);
			name = ConfigRefreshTests;
			productName = ConfigRefreshTests;
			productReference = A423154A1B7D82DD0035AD9B /* ConfigRefreshTests.xctest */;
			productType = "com.apple.product-type.bundle.unit-test";
		};
/* End PBXNativeTarget section */

/* Begin PBXProject section */
		A423152D1B7D82DD0035AD9B /* Project object */ = {
			isa = PBXProject;
			attributes = {
				LastUpgradeCheck = 0640;
				ORGANIZATIONNAME = brocccoli;
				TargetAttributes = {
					A42315341B7D82DD0035AD9B = {
						CreatedOnToolsVersion = 6.4;
					};
					A42315491B7D82DD0035AD9B = {
						CreatedOnToolsVersion = 6.4;
						TestTargetID = A42315341B7D82DD0035AD9B;
					};
				};
			};
			buildConfigurationList = A42315301B7D82DD0035AD9B /* Build configuration list for PBXProject "ConfigRefresh" */;
			compatibilityVersion = "Xcode 3.2";
			developmentRegion = English;
			hasScannedForEncodings = 0;
			knownRegions = (
				en,
				Base,
			);
			mainGroup = A423152C1B7D82DD0035AD9B;
			productRefGroup = A42315361B7D82DD0035AD9B /* Products */;
			projectDirPath = "";
			projectRoot = "";
			targets = (
				A42315341B7D82DD0035AD9B /* ConfigRefresh */,
				A42315491B7D82DD0035AD9B /* ConfigRefreshTests */,
			);
		};
/* End PBXProject section */

/* Begin PBXResourcesBuildPhase section */
		A42315331B7D82DD0035AD9B /* Resources */ = {
			isa = PBXResourcesBuildPhase;
			buildActionMask = 2147483647;
			files = (
				A42315401B7D82DD0035AD9B /* Main.storyboard in Resources */,
				A42315451B7D82DD0035AD9B /* LaunchScreen.xib in Resources */,
				A42315421B7D82DD0035AD9B /* Images.xcassets in Resources */,
			);
			runOnlyForDeploymentPostprocessing = 0;
		};
		A42315481B7D82DD0035AD9B /* Resources */ = {
			isa = PBXResourcesBuildPhase;
			buildActionMask = 2147483647;
			files = (
			);
			runOnlyForDeploymentPostprocessing = 0;
		};
/* End PBXResourcesBuildPhase section */

/* Begin PBXShellScriptBuildPhase section */
		16D0AA36ACBC17B7153967BD /* Copy Pods Resources */ = {
			isa = PBXShellScriptBuildPhase;
			buildActionMask = 2147483647;
			files = (
			);
			inputPaths = (
			);
			name = "Copy Pods Resources";
			outputPaths = (
			);
			runOnlyForDeploymentPostprocessing = 0;
			shellPath = /bin/sh;
			shellScript = "\"${SRCROOT}/Pods/Target Support Files/Pods/Pods-resources.sh\"\n";
			showEnvVarsInLog = 0;
		};
		E528FF9AEECE10EA01D80392 /* Check Pods Manifest.lock */ = {
			isa = PBXShellScriptBuildPhase;
			buildActionMask = 2147483647;
			files = (
			);
			inputPaths = (
			);
			name = "Check Pods Manifest.lock";
			outputPaths = (
			);
			runOnlyForDeploymentPostprocessing = 0;
			shellPath = /bin/sh;
			shellScript = "diff \"${PODS_ROOT}/../Podfile.lock\" \"${PODS_ROOT}/Manifest.lock\" > /dev/null\nif [[ $? != 0 ]] ; then\n    cat << EOM\nerror: The sandbox is not in sync with the Podfile.lock. Run 'pod install' or update your CocoaPods installation.\nEOM\n    exit 1\nfi\n";
			showEnvVarsInLog = 0;
		};
/* End PBXShellScriptBuildPhase section */

/* Begin PBXSourcesBuildPhase section */
		A42315311B7D82DD0035AD9B /* Sources */ = {
			isa = PBXSourcesBuildPhase;
			buildActionMask = 2147483647;
			files = (
				A48FE85C1B7D8728008F5FED /* UIScrollView_extension.swift in Sources */,
				A423153D1B7D82DD0035AD9B /* ViewController.swift in Sources */,
				A423153B1B7D82DD0035AD9B /* AppDelegate.swift in Sources */,
			);
			runOnlyForDeploymentPostprocessing = 0;
		};
		A42315461B7D82DD0035AD9B /* Sources */ = {
			isa = PBXSourcesBuildPhase;
			buildActionMask = 2147483647;
			files = (
				A42315511B7D82DD0035AD9B /* ConfigRefreshTests.swift in Sources */,
			);
			runOnlyForDeploymentPostprocessing = 0;
		};
/* End PBXSourcesBuildPhase section */

/* Begin PBXTargetDependency section */
		A423154C1B7D82DD0035AD9B /* PBXTargetDependency */ = {
			isa = PBXTargetDependency;
			target = A42315341B7D82DD0035AD9B /* ConfigRefresh */;
			targetProxy = A423154B1B7D82DD0035AD9B /* PBXContainerItemProxy */;
		};
/* End PBXTargetDependency section */

/* Begin PBXVariantGroup section */
		A423153E1B7D82DD0035AD9B /* Main.storyboard */ = {
			isa = PBXVariantGroup;
			children = (
				A423153F1B7D82DD0035AD9B /* Base */,
			);
			name = Main.storyboard;
			sourceTree = "<group>";
		};
		A42315431B7D82DD0035AD9B /* LaunchScreen.xib */ = {
			isa = PBXVariantGroup;
			children = (
				A42315441B7D82DD0035AD9B /* Base */,
			);
			name = LaunchScreen.xib;
			sourceTree = "<group>";
		};
/* End PBXVariantGroup section */

/* Begin XCBuildConfiguration section */
		A42315521B7D82DD0035AD9B /* Debug */ = {
			isa = XCBuildConfiguration;
			buildSettings = {
				ALWAYS_SEARCH_USER_PATHS = NO;
				CLANG_CXX_LANGUAGE_STANDARD = "gnu++0x";
				CLANG_CXX_LIBRARY = "libc++";
				CLANG_ENABLE_MODULES = YES;
				CLANG_ENABLE_OBJC_ARC = YES;
				CLANG_WARN_BOOL_CONVERSION = YES;
				CLANG_WARN_CONSTANT_CONVERSION = YES;
				CLANG_WARN_DIRECT_OBJC_ISA_USAGE = YES_ERROR;
				CLANG_WARN_EMPTY_BODY = YES;
				CLANG_WARN_ENUM_CONVERSION = YES;
				CLANG_WARN_INT_CONVERSION = YES;
				CLANG_WARN_OBJC_ROOT_CLASS = YES_ERROR;
				CLANG_WARN_UNREACHABLE_CODE = YES;
				CLANG_WARN__DUPLICATE_METHOD_MATCH = YES;
				"CODE_SIGN_IDENTITY[sdk=iphoneos*]" = "iPhone Developer";
				COPY_PHASE_STRIP = NO;
				DEBUG_INFORMATION_FORMAT = "dwarf-with-dsym";
				ENABLE_STRICT_OBJC_MSGSEND = YES;
				GCC_C_LANGUAGE_STANDARD = gnu99;
				GCC_DYNAMIC_NO_PIC = NO;
				GCC_NO_COMMON_BLOCKS = YES;
				GCC_OPTIMIZATION_LEVEL = 0;
				GCC_PREPROCESSOR_DEFINITIONS = (
					"DEBUG=1",
					"$(inherited)",
				);
				GCC_SYMBOLS_PRIVATE_EXTERN = NO;
				GCC_WARN_64_TO_32_BIT_CONVERSION = YES;
				GCC_WARN_ABOUT_RETURN_TYPE = YES_ERROR;
				GCC_WARN_UNDECLARED_SELECTOR = YES;
				GCC_WARN_UNINITIALIZED_AUTOS = YES_AGGRESSIVE;
				GCC_WARN_UNUSED_FUNCTION = YES;
				GCC_WARN_UNUSED_VARIABLE = YES;
				IPHONEOS_DEPLOYMENT_TARGET = 8.4;
				MTL_ENABLE_DEBUG_INFO = YES;
				ONLY_ACTIVE_ARCH = YES;
				SDKROOT = iphoneos;
				SWIFT_OPTIMIZATION_LEVEL = "-Onone";
			};
			name = Debug;
		};
		A42315531B7D82DD0035AD9B /* Release */ = {
			isa = XCBuildConfiguration;
			buildSettings = {
				ALWAYS_SEARCH_USER_PATHS = NO;
				CLANG_CXX_LANGUAGE_STANDARD = "gnu++0x";
				CLANG_CXX_LIBRARY = "libc++";
				CLANG_ENABLE_MODULES = YES;
				CLANG_ENABLE_OBJC_ARC = YES;
				CLANG_WARN_BOOL_CONVERSION = YES;
				CLANG_WARN_CONSTANT_CONVERSION = YES;
				CLANG_WARN_DIRECT_OBJC_ISA_USAGE = YES_ERROR;
				CLANG_WARN_EMPTY_BODY = YES;
				CLANG_WARN_ENUM_CONVERSION = YES;
				CLANG_WARN_INT_CONVERSION = YES;
				CLANG_WARN_OBJC_ROOT_CLASS = YES_ERROR;
				CLANG_WARN_UNREACHABLE_CODE = YES;
				CLANG_WARN__DUPLICATE_METHOD_MATCH = YES;
				"CODE_SIGN_IDENTITY[sdk=iphoneos*]" = "iPhone Developer";
				COPY_PHASE_STRIP = NO;
				DEBUG_INFORMATION_FORMAT = "dwarf-with-dsym";
				ENABLE_NS_ASSERTIONS = NO;
				ENABLE_STRICT_OBJC_MSGSEND = YES;
				GCC_C_LANGUAGE_STANDARD = gnu99;
				GCC_NO_COMMON_BLOCKS = YES;
				GCC_WARN_64_TO_32_BIT_CONVERSION = YES;
				GCC_WARN_ABOUT_RETURN_TYPE = YES_ERROR;
				GCC_WARN_UNDECLARED_SELECTOR = YES;
				GCC_WARN_UNINITIALIZED_AUTOS = YES_AGGRESSIVE;
				GCC_WARN_UNUSED_FUNCTION = YES;
				GCC_WARN_UNUSED_VARIABLE = YES;
				IPHONEOS_DEPLOYMENT_TARGET = 8.4;
				MTL_ENABLE_DEBUG_INFO = NO;
				SDKROOT = iphoneos;
				VALIDATE_PRODUCT = YES;
			};
			name = Release;
		};
		A42315551B7D82DD0035AD9B /* Debug */ = {
			isa = XCBuildConfiguration;
			baseConfigurationReference = AF7030EDB4110D13A768012B /* Pods.debug.xcconfig */;
			buildSettings = {
				ASSETCATALOG_COMPILER_APPICON_NAME = AppIcon;
				INFOPLIST_FILE = ConfigRefresh/Info.plist;
				LD_RUNPATH_SEARCH_PATHS = "$(inherited) @executable_path/Frameworks";
				PRODUCT_NAME = "$(TARGET_NAME)";
				SWIFT_OBJC_BRIDGING_HEADER = "ConfigRefresh/ConfigRefresh-Bridging-Header.h";
			};
			name = Debug;
		};
		A42315561B7D82DD0035AD9B /* Release */ = {
			isa = XCBuildConfiguration;
			baseConfigurationReference = FF2EF12CE687D73726BBC517 /* Pods.release.xcconfig */;
			buildSettings = {
				ASSETCATALOG_COMPILER_APPICON_NAME = AppIcon;
				INFOPLIST_FILE = ConfigRefresh/Info.plist;
				LD_RUNPATH_SEARCH_PATHS = "$(inherited) @executable_path/Frameworks";
				PRODUCT_NAME = "$(TARGET_NAME)";
				SWIFT_OBJC_BRIDGING_HEADER = "ConfigRefresh/ConfigRefresh-Bridging-Header.h";
			};
			name = Release;
		};
		A42315581B7D82DD0035AD9B /* Debug */ = {
			isa = XCBuildConfiguration;
			buildSettings = {
				BUNDLE_LOADER = "$(TEST_HOST)";
				FRAMEWORK_SEARCH_PATHS = (
					"$(SDKROOT)/Developer/Library/Frameworks",
					"$(inherited)",
				);
				GCC_PREPROCESSOR_DEFINITIONS = (
					"DEBUG=1",
					"$(inherited)",
				);
				INFOPLIST_FILE = ConfigRefreshTests/Info.plist;
				LD_RUNPATH_SEARCH_PATHS = "$(inherited) @executable_path/Frameworks @loader_path/Frameworks";
				PRODUCT_NAME = "$(TARGET_NAME)";
				TEST_HOST = "$(BUILT_PRODUCTS_DIR)/ConfigRefresh.app/ConfigRefresh";
			};
			name = Debug;
		};
		A42315591B7D82DD0035AD9B /* Release */ = {
			isa = XCBuildConfiguration;
			buildSettings = {
				BUNDLE_LOADER = "$(TEST_HOST)";
				FRAMEWORK_SEARCH_PATHS = (
					"$(SDKROOT)/Developer/Library/Frameworks",
					"$(inherited)",
				);
				INFOPLIST_FILE = ConfigRefreshTests/Info.plist;
				LD_RUNPATH_SEARCH_PATHS = "$(inherited) @executable_path/Frameworks @loader_path/Frameworks";
				PRODUCT_NAME = "$(TARGET_NAME)";
				TEST_HOST = "$(BUILT_PRODUCTS_DIR)/ConfigRefresh.app/ConfigRefresh";
			};
			name = Release;
		};
/* End XCBuildConfiguration section */

/* Begin XCConfigurationList section */
		A42315301B7D82DD0035AD9B /* Build configuration list for PBXProject "ConfigRefresh" */ = {
			isa = XCConfigurationList;
			buildConfigurations = (
				A42315521B7D82DD0035AD9B /* Debug */,
				A42315531B7D82DD0035AD9B /* Release */,
			);
			defaultConfigurationIsVisible = 0;
			defaultConfigurationName = Release;
		};
		A42315541B7D82DD0035AD9B /* Build configuration list for PBXNativeTarget "ConfigRefresh" */ = {
			isa = XCConfigurationList;
			buildConfigurations = (
				A42315551B7D82DD0035AD9B /* Debug */,
				A42315561B7D82DD0035AD9B /* Release */,
			);
			defaultConfigurationIsVisible = 0;
			defaultConfigurationName = Release;
		};
		A42315571B7D82DD0035AD9B /* Build configuration list for PBXNativeTarget "ConfigRefreshTests" */ = {
			isa = XCConfigurationList;
			buildConfigurations = (
				A42315581B7D82DD0035AD9B /* Debug */,
				A42315591B7D82DD0035AD9B /* Release */,
			);
			defaultConfigurationIsVisible = 0;
			defaultConfigurationName = Release;
		};
/* End XCConfigurationList section */
	};
	rootObject = A423152D1B7D82DD0035AD9B /* Project object */;
}
